
Microsoft Visual Studio Solution File, Format Version 12.00
# Visual Studio Version 16
VisualStudioVersion = 16.0.33927.289
MinimumVisualStudioVersion = 10.0.40219.1
Project("{2150E333-8FDC-42A3-9474-1A3956D46DE8}") = "Task0", "Task0", "{54FABB47-7C0A-4287-8DCE-FE20B5D4372F}"
EndProject
Project("{FAE04EC0-301F-11D3-BF4B-00C04F79EFBC}") = "Tyuiu.GutsuAV.Sprint2.Task0.V21", "Tyuiu.GutsuAV.Sprint2.Task0.V21\Tyuiu.GutsuAV.Sprint2.Task0.V21.csproj", "{65D27443-FDDE-4A24-8457-8638A052AEAF}"
EndProject
Project("{FAE04EC0-301F-11D3-BF4B-00C04F79EFBC}") = "Tyuiu.GutsuAV.Sprint2.Task0.V21.Lib", "Tyuiu.GutsuAV.Sprint2.Task0.V21.Lib\Tyuiu.GutsuAV.Sprint2.Task0.V21.Lib.csproj", "{8E3E0AE7-7FB0-47C4-A464-7509F298B69F}"
EndProject
Project("{FAE04EC0-301F-11D3-BF4B-00C04F79EFBC}") = "Tyuiu.GutsuAV.Sprint2.Task0.V21.Test", "Tyuiu.GutsuAV.Sprint2.Task0.V21.Test\Tyuiu.GutsuAV.Sprint2.Task0.V21.Test.csproj", "{265A57D8-BE01-4ADC-AFDC-2AACA86C6855}"
EndProject
Project("{2150E333-8FDC-42A3-9474-1A3956D46DE8}") = "Task1", "Task1", "{83A60544-3340-4BA7-8287-16510F65A706}"
EndProject
Project("{FAE04EC0-301F-11D3-BF4B-00C04F79EFBC}") = "Tyuiu.GutsuAV.Sprint2.Task1.V13", "Tyuiu.GutsuAV.Sprint2.Task1.V13\Tyuiu.GutsuAV.Sprint2.Task1.V13.csproj", "{9F72D51D-B7C4-4666-B0C5-D7C55B83289A}"
EndProject
Project("{FAE04EC0-301F-11D3-BF4B-00C04F79EFBC}") = "Tyuiu.GutsuAV.Sprint2.Task1.V13.Lib", "Tyuiu.GutsuAV.Sprint2.Task1.V13.Lib\Tyuiu.GutsuAV.Sprint2.Task1.V13.Lib.csproj", "{1666E851-6263-49D1-B354-034C842BF268}"
EndProject
Project("{FAE04EC0-301F-11D3-BF4B-00C04F79EFBC}") = "Tyuiu.GutsuAV.Sprint2.Task1.V13.Test", "Tyuiu.GutsuAV.Sprint2.Task1.V13.Test\Tyuiu.GutsuAV.Sprint2.Task1.V13.Test.csproj", "{53EFF9B8-7383-467B-A1D4-2DD4DEE95079}"
EndProject
Project("{2150E333-8FDC-42A3-9474-1A3956D46DE8}") = "Task2", "Task2", "{16FB73C2-97D4-4568-A54B-BC99E77BF189}"
EndProject
Project("{FAE04EC0-301F-11D3-BF4B-00C04F79EFBC}") = "Tyuiu.GutsuAV.Sprint2.Task2.V7", "Tyuiu.GutsuAV.Sprint2.Task2.V7\Tyuiu.GutsuAV.Sprint2.Task2.V7.csproj", "{84F1A20A-7358-4699-B589-F425F114D5F0}"
EndProject
Project("{FAE04EC0-301F-11D3-BF4B-00C04F79EFBC}") = "Tyuiu.GutsuAV.Sprint2.Task2.V7.Lib", "Tyuiu.GutsuAV.Sprint2.Task2.V7.Lib\Tyuiu.GutsuAV.Sprint2.Task2.V7.Lib.csproj", "{802A461B-06F6-4919-BF8A-6C2B2FA674C1}"
EndProject
Project("{FAE04EC0-301F-11D3-BF4B-00C04F79EFBC}") = "Tyuiu.GutsuAV.Sprint2.Task2.V7.Test", "Tyuiu.GutsuAV.Sprint2.Task2.V7.Test\Tyuiu.GutsuAV.Sprint2.Task2.V7.Test.csproj", "{F5E3BC6E-6D75-475A-8915-74E0F4021F16}"
EndProject
Project("{2150E333-8FDC-42A3-9474-1A3956D46DE8}") = "Task3", "Task3", "{30F0240C-4AB6-4F50-B539-A4A8CC0B4AE2}"
EndProject
Project("{FAE04EC0-301F-11D3-BF4B-00C04F79EFBC}") = "Tyuiu.GutsuAV.Sprint2.Task3.V23", "Tyuiu.GutsuAV.Sprint2.Task3.V23\Tyuiu.GutsuAV.Sprint2.Task3.V23.csproj", "{762637E9-1BAF-4FB2-BE1C-0040C169867D}"
EndProject
Project("{FAE04EC0-301F-11D3-BF4B-00C04F79EFBC}") = "Tyuiu.GutsuAV.Sprint2.Task3.V23.Lib", "Tyuiu.GutsuAV.Sprint2.Task3.V23.Lib\Tyuiu.GutsuAV.Sprint2.Task3.V23.Lib.csproj", "{1D11E049-0C82-4ED6-A725-D7C586C63969}"
EndProject
Project("{FAE04EC0-301F-11D3-BF4B-00C04F79EFBC}") = "Tyuiu.GutsuAV.Sprint2.Task3.V23.Test", "Tyuiu.GutsuAV.Sprint2.Task3.V23.Test\Tyuiu.GutsuAV.Sprint2.Task3.V23.Test.csproj", "{1C8E422C-29E7-44BB-B950-F46D4C423F3A}"
EndProject
Project("{2150E333-8FDC-42A3-9474-1A3956D46DE8}") = "Task4", "Task4", "{47C4C728-0132-42B3-A058-67241167ADCF}"
EndProject
Project("{FAE04EC0-301F-11D3-BF4B-00C04F79EFBC}") = "Tyuiu.GutsuAV.Sprint2.Task4.V11", "Tyuiu.GutsuAV.Sprint2.Task4.V11\Tyuiu.GutsuAV.Sprint2.Task4.V11.csproj", "{86429146-33F4-4440-AAF5-711A6D5001E8}"
EndProject
Project("{FAE04EC0-301F-11D3-BF4B-00C04F79EFBC}") = "Tyuiu.GutsuAV.Sprint2.Task4.V11.Lib", "Tyuiu.GutsuAV.Sprint2.Task4.V11.Lib\Tyuiu.GutsuAV.Sprint2.Task4.V11.Lib.csproj", "{1FD5192C-817A-4C97-8C9B-4907C332BB9E}"
EndProject
Project("{FAE04EC0-301F-11D3-BF4B-00C04F79EFBC}") = "Tyuiu.GutsuAV.Sprint2.Task4.V11.Test", "Tyuiu.GutsuAV.Sprint2.Task4.V11.Test\Tyuiu.GutsuAV.Sprint2.Task4.V11.Test.csproj", "{8AF70B01-DE1B-4C44-91FA-81126DDAD8BF}"
EndProject
Project("{2150E333-8FDC-42A3-9474-1A3956D46DE8}") = "Task5", "Task5", "{563D0C37-6DBE-486E-AFDB-C7EA407D33C8}"
EndProject
Project("{FAE04EC0-301F-11D3-BF4B-00C04F79EFBC}") = "Tyuiu.GutsuAV.Sprint2.Task5.V15", "Tyuiu.GutsuAV.Sprint2.Task5.V15\Tyuiu.GutsuAV.Sprint2.Task5.V15.csproj", "{06E98E53-50ED-4476-8E50-0853EBD7463F}"
EndProject
Project("{FAE04EC0-301F-11D3-BF4B-00C04F79EFBC}") = "Tyuiu.GutsuAV.Sprint2.Task5.V15.Lib", "Tyuiu.GutsuAV.Sprint2.Task5.V15.Lib\Tyuiu.GutsuAV.Sprint2.Task5.V15.Lib.csproj", "{0B1E7CDA-DAC4-4666-9DD5-01A85C72A5BA}"
EndProject
Project("{FAE04EC0-301F-11D3-BF4B-00C04F79EFBC}") = "Tyuiu.GutsuAV.Sprint2.Task5.V15.Test", "Tyuiu.GutsuAV.Sprint2.Task5.V15.Test\Tyuiu.GutsuAV.Sprint2.Task5.V15.Test.csproj", "{2C663FE7-E3AD-40B3-B36C-AFE080DD3398}"
EndProject
Global
	GlobalSection(SolutionConfigurationPlatforms) = preSolution
		Debug|Any CPU = Debug|Any CPU
		Release|Any CPU = Release|Any CPU
	EndGlobalSection
	GlobalSection(ProjectConfigurationPlatforms) = postSolution
		{65D27443-FDDE-4A24-8457-8638A052AEAF}.Debug|Any CPU.ActiveCfg = Debug|Any CPU
		{65D27443-FDDE-4A24-8457-8638A052AEAF}.Debug|Any CPU.Build.0 = Debug|Any CPU
		{65D27443-FDDE-4A24-8457-8638A052AEAF}.Release|Any CPU.ActiveCfg = Release|Any CPU
		{65D27443-FDDE-4A24-8457-8638A052AEAF}.Release|Any CPU.Build.0 = Release|Any CPU
		{8E3E0AE7-7FB0-47C4-A464-7509F298B69F}.Debug|Any CPU.ActiveCfg = Debug|Any CPU
		{8E3E0AE7-7FB0-47C4-A464-7509F298B69F}.Debug|Any CPU.Build.0 = Debug|Any CPU
		{8E3E0AE7-7FB0-47C4-A464-7509F298B69F}.Release|Any CPU.ActiveCfg = Release|Any CPU
		{8E3E0AE7-7FB0-47C4-A464-7509F298B69F}.Release|Any CPU.Build.0 = Release|Any CPU
		{265A57D8-BE01-4ADC-AFDC-2AACA86C6855}.Debug|Any CPU.ActiveCfg = Debug|Any CPU
		{265A57D8-BE01-4ADC-AFDC-2AACA86C6855}.Debug|Any CPU.Build.0 = Debug|Any CPU
		{265A57D8-BE01-4ADC-AFDC-2AACA86C6855}.Release|Any CPU.ActiveCfg = Release|Any CPU
		{265A57D8-BE01-4ADC-AFDC-2AACA86C6855}.Release|Any CPU.Build.0 = Release|Any CPU
		{9F72D51D-B7C4-4666-B0C5-D7C55B83289A}.Debug|Any CPU.ActiveCfg = Debug|Any CPU
		{9F72D51D-B7C4-4666-B0C5-D7C55B83289A}.Debug|Any CPU.Build.0 = Debug|Any CPU
		{9F72D51D-B7C4-4666-B0C5-D7C55B83289A}.Release|Any CPU.ActiveCfg = Release|Any CPU
		{9F72D51D-B7C4-4666-B0C5-D7C55B83289A}.Release|Any CPU.Build.0 = Release|Any CPU
		{1666E851-6263-49D1-B354-034C842BF268}.Debug|Any CPU.ActiveCfg = Debug|Any CPU
		{1666E851-6263-49D1-B354-034C842BF268}.Debug|Any CPU.Build.0 = Debug|Any CPU
		{1666E851-6263-49D1-B354-034C842BF268}.Release|Any CPU.ActiveCfg = Release|Any CPU
		{1666E851-6263-49D1-B354-034C842BF268}.Release|Any CPU.Build.0 = Release|Any CPU
		{53EFF9B8-7383-467B-A1D4-2DD4DEE95079}.Debug|Any CPU.ActiveCfg = Debug|Any CPU
		{53EFF9B8-7383-467B-A1D4-2DD4DEE95079}.Debug|Any CPU.Build.0 = Debug|Any CPU
		{53EFF9B8-7383-467B-A1D4-2DD4DEE95079}.Release|Any CPU.ActiveCfg = Release|Any CPU
		{53EFF9B8-7383-467B-A1D4-2DD4DEE95079}.Release|Any CPU.Build.0 = Release|Any CPU
		{84F1A20A-7358-4699-B589-F425F114D5F0}.Debug|Any CPU.ActiveCfg = Debug|Any CPU
		{84F1A20A-7358-4699-B589-F425F114D5F0}.Debug|Any CPU.Build.0 = Debug|Any CPU
		{84F1A20A-7358-4699-B589-F425F114D5F0}.Release|Any CPU.ActiveCfg = Release|Any CPU
		{84F1A20A-7358-4699-B589-F425F114D5F0}.Release|Any CPU.Build.0 = Release|Any CPU
		{802A461B-06F6-4919-BF8A-6C2B2FA674C1}.Debug|Any CPU.ActiveCfg = Debug|Any CPU
		{802A461B-06F6-4919-BF8A-6C2B2FA674C1}.Debug|Any CPU.Build.0 = Debug|Any CPU
		{802A461B-06F6-4919-BF8A-6C2B2FA674C1}.Release|Any CPU.ActiveCfg = Release|Any CPU
		{802A461B-06F6-4919-BF8A-6C2B2FA674C1}.Release|Any CPU.Build.0 = Release|Any CPU
		{F5E3BC6E-6D75-475A-8915-74E0F4021F16}.Debug|Any CPU.ActiveCfg = Debug|Any CPU
		{F5E3BC6E-6D75-475A-8915-74E0F4021F16}.Debug|Any CPU.Build.0 = Debug|Any CPU
		{F5E3BC6E-6D75-475A-8915-74E0F4021F16}.Release|Any CPU.ActiveCfg = Release|Any CPU
		{F5E3BC6E-6D75-475A-8915-74E0F4021F16}.Release|Any CPU.Build.0 = Release|Any CPU
		{762637E9-1BAF-4FB2-BE1C-0040C169867D}.Debug|Any CPU.ActiveCfg = Debug|Any CPU
		{762637E9-1BAF-4FB2-BE1C-0040C169867D}.Debug|Any CPU.Build.0 = Debug|Any CPU
		{762637E9-1BAF-4FB2-BE1C-0040C169867D}.Release|Any CPU.ActiveCfg = Release|Any CPU
		{762637E9-1BAF-4FB2-BE1C-0040C169867D}.Release|Any CPU.Build.0 = Release|Any CPU
		{1D11E049-0C82-4ED6-A725-D7C586C63969}.Debug|Any CPU.ActiveCfg = Debug|Any CPU
		{1D11E049-0C82-4ED6-A725-D7C586C63969}.Debug|Any CPU.Build.0 = Debug|Any CPU
		{1D11E049-0C82-4ED6-A725-D7C586C63969}.Release|Any CPU.ActiveCfg = Release|Any CPU
		{1D11E049-0C82-4ED6-A725-D7C586C63969}.Release|Any CPU.Build.0 = Release|Any CPU
		{1C8E422C-29E7-44BB-B950-F46D4C423F3A}.Debug|Any CPU.ActiveCfg = Debug|Any CPU
		{1C8E422C-29E7-44BB-B950-F46D4C423F3A}.Debug|Any CPU.Build.0 = Debug|Any CPU
		{1C8E422C-29E7-44BB-B950-F46D4C423F3A}.Release|Any CPU.ActiveCfg = Release|Any CPU
		{1C8E422C-29E7-44BB-B950-F46D4C423F3A}.Release|Any CPU.Build.0 = Release|Any CPU
		{86429146-33F4-4440-AAF5-711A6D5001E8}.Debug|Any CPU.ActiveCfg = Debug|Any CPU
		{86429146-33F4-4440-AAF5-711A6D5001E8}.Debug|Any CPU.Build.0 = Debug|Any CPU
		{86429146-33F4-4440-AAF5-711A6D5001E8}.Release|Any CPU.ActiveCfg = Release|Any CPU
		{86429146-33F4-4440-AAF5-711A6D5001E8}.Release|Any CPU.Build.0 = Release|Any CPU
		{1FD5192C-817A-4C97-8C9B-4907C332BB9E}.Debug|Any CPU.ActiveCfg = Debug|Any CPU
		{1FD5192C-817A-4C97-8C9B-4907C332BB9E}.Debug|Any CPU.Build.0 = Debug|Any CPU
		{1FD5192C-817A-4C97-8C9B-4907C332BB9E}.Release|Any CPU.ActiveCfg = Release|Any CPU
		{1FD5192C-817A-4C97-8C9B-4907C332BB9E}.Release|Any CPU.Build.0 = Release|Any CPU
		{8AF70B01-DE1B-4C44-91FA-81126DDAD8BF}.Debug|Any CPU.ActiveCfg = Debug|Any CPU
		{8AF70B01-DE1B-4C44-91FA-81126DDAD8BF}.Debug|Any CPU.Build.0 = Debug|Any CPU
		{8AF70B01-DE1B-4C44-91FA-81126DDAD8BF}.Release|Any CPU.ActiveCfg = Release|Any CPU
		{8AF70B01-DE1B-4C44-91FA-81126DDAD8BF}.Release|Any CPU.Build.0 = Release|Any CPU
		{06E98E53-50ED-4476-8E50-0853EBD7463F}.Debug|Any CPU.ActiveCfg = Debug|Any CPU
		{06E98E53-50ED-4476-8E50-0853EBD7463F}.Debug|Any CPU.Build.0 = Debug|Any CPU
		{06E98E53-50ED-4476-8E50-0853EBD7463F}.Release|Any CPU.ActiveCfg = Release|Any CPU
		{06E98E53-50ED-4476-8E50-0853EBD7463F}.Release|Any CPU.Build.0 = Release|Any CPU
		{0B1E7CDA-DAC4-4666-9DD5-01A85C72A5BA}.Debug|Any CPU.ActiveCfg = Debug|Any CPU
		{0B1E7CDA-DAC4-4666-9DD5-01A85C72A5BA}.Debug|Any CPU.Build.0 = Debug|Any CPU
		{0B1E7CDA-DAC4-4666-9DD5-01A85C72A5BA}.Release|Any CPU.ActiveCfg = Release|Any CPU
		{0B1E7CDA-DAC4-4666-9DD5-01A85C72A5BA}.Release|Any CPU.Build.0 = Release|Any CPU
		{2C663FE7-E3AD-40B3-B36C-AFE080DD3398}.Debug|Any CPU.ActiveCfg = Debug|Any CPU
		{2C663FE7-E3AD-40B3-B36C-AFE080DD3398}.Debug|Any CPU.Build.0 = Debug|Any CPU
		{2C663FE7-E3AD-40B3-B36C-AFE080DD3398}.Release|Any CPU.ActiveCfg = Release|Any CPU
		{2C663FE7-E3AD-40B3-B36C-AFE080DD3398}.Release|Any CPU.Build.0 = Release|Any CPU
	EndGlobalSection
	GlobalSection(SolutionProperties) = preSolution
		HideSolutionNode = FALSE
	EndGlobalSection
	GlobalSection(NestedProjects) = preSolution
		{65D27443-FDDE-4A24-8457-8638A052AEAF} = {54FABB47-7C0A-4287-8DCE-FE20B5D4372F}
		{8E3E0AE7-7FB0-47C4-A464-7509F298B69F} = {54FABB47-7C0A-4287-8DCE-FE20B5D4372F}
		{265A57D8-BE01-4ADC-AFDC-2AACA86C6855} = {54FABB47-7C0A-4287-8DCE-FE20B5D4372F}
		{9F72D51D-B7C4-4666-B0C5-D7C55B83289A} = {83A60544-3340-4BA7-8287-16510F65A706}
		{1666E851-6263-49D1-B354-034C842BF268} = {83A60544-3340-4BA7-8287-16510F65A706}
		{53EFF9B8-7383-467B-A1D4-2DD4DEE95079} = {83A60544-3340-4BA7-8287-16510F65A706}
		{84F1A20A-7358-4699-B589-F425F114D5F0} = {16FB73C2-97D4-4568-A54B-BC99E77BF189}
		{802A461B-06F6-4919-BF8A-6C2B2FA674C1} = {16FB73C2-97D4-4568-A54B-BC99E77BF189}
		{F5E3BC6E-6D75-475A-8915-74E0F4021F16} = {16FB73C2-97D4-4568-A54B-BC99E77BF189}
		{762637E9-1BAF-4FB2-BE1C-0040C169867D} = {30F0240C-4AB6-4F50-B539-A4A8CC0B4AE2}
		{1D11E049-0C82-4ED6-A725-D7C586C63969} = {30F0240C-4AB6-4F50-B539-A4A8CC0B4AE2}
		{1C8E422C-29E7-44BB-B950-F46D4C423F3A} = {30F0240C-4AB6-4F50-B539-A4A8CC0B4AE2}
		{86429146-33F4-4440-AAF5-711A6D5001E8} = {47C4C728-0132-42B3-A058-67241167ADCF}
		{1FD5192C-817A-4C97-8C9B-4907C332BB9E} = {47C4C728-0132-42B3-A058-67241167ADCF}
		{8AF70B01-DE1B-4C44-91FA-81126DDAD8BF} = {47C4C728-0132-42B3-A058-67241167ADCF}
		{06E98E53-50ED-4476-8E50-0853EBD7463F} = {563D0C37-6DBE-486E-AFDB-C7EA407D33C8}
		{0B1E7CDA-DAC4-4666-9DD5-01A85C72A5BA} = {563D0C37-6DBE-486E-AFDB-C7EA407D33C8}
		{2C663FE7-E3AD-40B3-B36C-AFE080DD3398} = {563D0C37-6DBE-486E-AFDB-C7EA407D33C8}
	EndGlobalSection
	GlobalSection(ExtensibilityGlobals) = postSolution
		SolutionGuid = {2E24591F-18C6-471B-860C-1080DB17B0D4}
	EndGlobalSection
EndGlobal
